
Microsoft Visual Studio Solution File, Format Version 12.00
# Visual Studio Version 17
VisualStudioVersion = 17.11.35327.3
MinimumVisualStudioVersion = 10.0.40219.1
Project("{FAE04EC0-301F-11D3-BF4B-00C04F79EFBC}") = "IB_03.02", "IB_03.02\IB_03.02.csproj", "{A5C0EDDF-107E-4741-80E7-B66BD132BD55}"
EndProject
Global
	GlobalSection(SolutionConfigurationPlatforms) = preSolution
		Debug|Any CPU = Debug|Any CPU
		Release|Any CPU = Release|Any CPU
	EndGlobalSection
	GlobalSection(ProjectConfigurationPlatforms) = postSolution
		{A5C0EDDF-107E-4741-80E7-B66BD132BD55}.Debug|Any CPU.ActiveCfg = Debug|Any CPU
		{A5C0EDDF-107E-4741-80E7-B66BD132BD55}.Debug|Any CPU.Build.0 = Debug|Any CPU
		{A5C0EDDF-107E-4741-80E7-B66BD132BD55}.Debug|Any CPU.Deploy.0 = Debug|Any CPU
		{A5C0EDDF-107E-4741-80E7-B66BD132BD55}.Release|Any CPU.ActiveCfg = Release|Any CPU
		{A5C0EDDF-107E-4741-80E7-B66BD132BD55}.Release|Any CPU.Build.0 = Release|Any CPU
		{A5C0EDDF-107E-4741-80E7-B66BD132BD55}.Release|Any CPU.Deploy.0 = Release|Any CPU
	EndGlobalSection
	GlobalSection(SolutionProperties) = preSolution
		HideSolutionNode = FALSE
	EndGlobalSection
	GlobalSection(ExtensibilityGlobals) = postSolution
		SolutionGuid = {23EDEB37-5167-45CC-A349-32F0AE72A2A2}
	EndGlobalSection
EndGlobal
